{
  "name": "chevrotain-demo",
  "version": "1.0.0",
  "lockfileVersion": 2,
  "requires": true,
  "packages": {
    "": {
      "name": "chevrotain-demo",
      "version": "1.0.0",
      "license": "ISC",
      "dependencies": {
        "chevrotain": "^10.1.1",
        "number-to-words": "^1.2.4"
      }
    },
    "node_modules/@chevrotain/cst-dts-gen": {
      "version": "10.1.1",
      "resolved": "https://registry.npmjs.org/@chevrotain/cst-dts-gen/-/cst-dts-gen-10.1.1.tgz",
      "integrity": "sha512-B433GYs44a/omURl8wcktKZbSr1Efdzwij3oNXpXg2ulXFCBlNEcQm4ik3ORg9cD37EMdAJQEJqg/yIysd0Aig==",
      "dependencies": {
        "@chevrotain/gast": "^10.1.1",
        "@chevrotain/types": "^10.1.1",
        "lodash": "4.17.21"
      }
    },
    "node_modules/@chevrotain/gast": {
      "version": "10.1.1",
      "resolved": "https://registry.npmjs.org/@chevrotain/gast/-/gast-10.1.1.tgz",
      "integrity": "sha512-MjE1nFhJUyrY4tfP78fqgbMDkfBJbXfmsPnZIK35mEWoOEtq9uF7wVtP0not1BYOQ5NaYuDY98RxCh9p7g27eQ==",
      "dependencies": {
        "@chevrotain/types": "^10.1.1",
        "lodash": "4.17.21"
      }
    },
    "node_modules/@chevrotain/types": {
      "version": "10.1.1",
      "resolved": "https://registry.npmjs.org/@chevrotain/types/-/types-10.1.1.tgz",
      "integrity": "sha512-TKQPQQNNGd7Ysm0o9NSY8HB+rzNy9taJ9gSEvOIPOJJkN61m68pGp7/7clwWCDgw6GkIre8iM2FENuGdWqxDVA=="
    },
    "node_modules/@chevrotain/utils": {
      "version": "10.1.1",
      "resolved": "https://registry.npmjs.org/@chevrotain/utils/-/utils-10.1.1.tgz",
      "integrity": "sha512-ujKxEyGAEWQlS2G0hJN4l594Y8DZDnmiT1yUr8IwyAe/wfhxyAHU9+rlpyj7qpK/U8r4ocJoY4DnuNi/bcjdfA=="
    },
    "node_modules/chevrotain": {
      "version": "10.1.1",
      "resolved": "https://registry.npmjs.org/chevrotain/-/chevrotain-10.1.1.tgz",
      "integrity": "sha512-V6bV5GIdgueU2sv2JAmGaEbELMBooYFyKjpkyP+iD7tosNHTjuj1WO+X0/rOA9HSYzq/F0y0Ciw05lbtZBUrmg==",
      "dependencies": {
        "@chevrotain/cst-dts-gen": "^10.1.1",
        "@chevrotain/gast": "^10.1.1",
        "@chevrotain/types": "^10.1.1",
        "@chevrotain/utils": "^10.1.1",
        "lodash": "4.17.21",
        "regexp-to-ast": "0.5.0"
      }
    },
    "node_modules/lodash": {
      "version": "4.17.21",
      "resolved": "https://registry.npmjs.org/lodash/-/lodash-4.17.21.tgz",
      "integrity": "sha512-v2kDEe57lecTulaDIuNTPy3Ry4gLGJ6Z1O3vE1krgXZNrsQ+LFTGHVxVjcXPs17LhbZVGedAJv8XZ1tvj5FvSg=="
    },
    "node_modules/number-to-words": {
      "version": "1.2.4",
      "resolved": "https://registry.npmjs.org/number-to-words/-/number-to-words-1.2.4.tgz",
      "integrity": "sha512-/fYevVkXRcyBiZDg6yzZbm0RuaD6i0qRfn8yr+6D0KgBMOndFPxuW10qCHpzs50nN8qKuv78k8MuotZhcVX6Pw=="
    },
    "node_modules/regexp-to-ast": {
      "version": "0.5.0",
      "resolved": "https://registry.npmjs.org/regexp-to-ast/-/regexp-to-ast-0.5.0.tgz",
      "integrity": "sha512-tlbJqcMHnPKI9zSrystikWKwHkBqu2a/Sgw01h3zFjvYrMxEDYHzzoMZnUrbIfpTFEsoRnnviOXNCzFiSc54Qw=="
    }
  },
  "dependencies": {
    "@chevrotain/cst-dts-gen": {
      "version": "10.1.1",
      "resolved": "https://registry.npmjs.org/@chevrotain/cst-dts-gen/-/cst-dts-gen-10.1.1.tgz",
      "integrity": "sha512-B433GYs44a/omURl8wcktKZbSr1Efdzwij3oNXpXg2ulXFCBlNEcQm4ik3ORg9cD37EMdAJQEJqg/yIysd0Aig==",
      "requires": {
        "@chevrotain/gast": "^10.1.1",
        "@chevrotain/types": "^10.1.1",
        "lodash": "4.17.21"
      }
    },
    "@chevrotain/gast": {
      "version": "10.1.1",
      "resolved": "https://registry.npmjs.org/@chevrotain/gast/-/gast-10.1.1.tgz",
      "integrity": "sha512-MjE1nFhJUyrY4tfP78fqgbMDkfBJbXfmsPnZIK35mEWoOEtq9uF7wVtP0not1BYOQ5NaYuDY98RxCh9p7g27eQ==",
      "requires": {
        "@chevrotain/types": "^10.1.1",
        "lodash": "4.17.21"
      }
    },
    "@chevrotain/types": {
      "version": "10.1.1",
      "resolved": "https://registry.npmjs.org/@chevrotain/types/-/types-10.1.1.tgz",
      "integrity": "sha512-TKQPQQNNGd7Ysm0o9NSY8HB+rzNy9taJ9gSEvOIPOJJkN61m68pGp7/7clwWCDgw6GkIre8iM2FENuGdWqxDVA=="
    },
    "@chevrotain/utils": {
      "version": "10.1.1",
      "resolved": "https://registry.npmjs.org/@chevrotain/utils/-/utils-10.1.1.tgz",
      "integrity": "sha512-ujKxEyGAEWQlS2G0hJN4l594Y8DZDnmiT1yUr8IwyAe/wfhxyAHU9+rlpyj7qpK/U8r4ocJoY4DnuNi/bcjdfA=="
    },
    "chevrotain": {
      "version": "10.1.1",
      "resolved": "https://registry.npmjs.org/chevrotain/-/chevrotain-10.1.1.tgz",
      "integrity": "sha512-V6bV5GIdgueU2sv2JAmGaEbELMBooYFyKjpkyP+iD7tosNHTjuj1WO+X0/rOA9HSYzq/F0y0Ciw05lbtZBUrmg==",
      "requires": {
        "@chevrotain/cst-dts-gen": "^10.1.1",
        "@chevrotain/gast": "^10.1.1",
        "@chevrotain/types": "^10.1.1",
        "@chevrotain/utils": "^10.1.1",
        "lodash": "4.17.21",
        "regexp-to-ast": "0.5.0"
      }
    },
    "lodash": {
      "version": "4.17.21",
      "resolved": "https://registry.npmjs.org/lodash/-/lodash-4.17.21.tgz",
      "integrity": "sha512-v2kDEe57lecTulaDIuNTPy3Ry4gLGJ6Z1O3vE1krgXZNrsQ+LFTGHVxVjcXPs17LhbZVGedAJv8XZ1tvj5FvSg=="
    },
    "number-to-words": {
      "version": "1.2.4",
      "resolved": "https://registry.npmjs.org/number-to-words/-/number-to-words-1.2.4.tgz",
      "integrity": "sha512-/fYevVkXRcyBiZDg6yzZbm0RuaD6i0qRfn8yr+6D0KgBMOndFPxuW10qCHpzs50nN8qKuv78k8MuotZhcVX6Pw=="
    },
    "regexp-to-ast": {
      "version": "0.5.0",
      "resolved": "https://registry.npmjs.org/regexp-to-ast/-/regexp-to-ast-0.5.0.tgz",
      "integrity": "sha512-tlbJqcMHnPKI9zSrystikWKwHkBqu2a/Sgw01h3zFjvYrMxEDYHzzoMZnUrbIfpTFEsoRnnviOXNCzFiSc54Qw=="
    }
  }
}
